<?xml version="1.0" encoding="utf-8"?>
<Project ToolsVersion="4.0" xmlns="http://schemas.microsoft.com/developer/msbuild/2003">
  <ItemGroup>
    <Filter Include="소스 파일">
      <UniqueIdentifier>{4FC737F1-C7A5-4376-A066-2A32D752A2FF}</UniqueIdentifier>
      <Extensions>cpp;c;cc;cxx;c++;cppm;ixx;def;odl;idl;hpj;bat;asm;asmx</Extensions>
    </Filter>
    <Filter Include="리소스 파일">
      <UniqueIdentifier>{67DA6AB6-F800-4c08-8B7A-83BB121AAD01}</UniqueIdentifier>
      <Extensions>rc;ico;cur;bmp;dlg;rc2;rct;bin;rgs;gif;jpg;jpeg;jpe;resx;tiff;tif;png;wav;mfcribbon-ms</Extensions>
    </Filter>
    <Filter Include="소스 파일\헤더 파일">
      <UniqueIdentifier>{93995380-89BD-4b04-88EB-625FBE52EBFB}</UniqueIdentifier>
      <Extensions>h;hh;hpp;hxx;h++;hm;inl;inc;ipp;xsd</Extensions>
    </Filter>
    <Filter Include="소스 파일\snd">
      <UniqueIdentifier>{b37fa2c0-2eca-43fa-8c0b-dc1855766288}</UniqueIdentifier>
    </Filter>
  </ItemGroup>
  <ItemGroup>
    <ClCompile Include="PacMan.c">
      <Filter>소스 파일</Filter>
    </ClCompile>
    <ClCompile Include="Team1.c">
      <Filter>소스 파일</Filter>
    </ClCompile>
    <ClCompile Include="Team2.c">
      <Filter>소스 파일</Filter>
    </ClCompile>
  </ItemGroup>
  <ItemGroup>
    <Media Include="..\..\..\..\Desktop\2학년 2학기 시험공부\01. Coin - Credit.mp3">
      <Filter>소스 파일\snd</Filter>
    </Media>
    <Media Include="..\..\..\..\Desktop\2학년 2학기 시험공부\17. Siren.mp3">
      <Filter>소스 파일\snd</Filter>
    </Media>
    <Media Include="..\..\..\..\Desktop\2학년 2학기 시험공부\16. Siren.mp3">
      <Filter>소스 파일\snd</Filter>
    </Media>
    <Media Include="..\..\..\..\Desktop\2학년 2학기 시험공부\15. Siren.mp3">
      <Filter>소스 파일\snd</Filter>
    </Media>
    <Media Include="..\..\..\..\Desktop\2학년 2학기 시험공부\14. Siren.mp3">
      <Filter>소스 파일\snd</Filter>
    </Media>
    <Media Include="..\..\..\..\Desktop\2학년 2학기 시험공부\13. Siren.mp3">
      <Filter>소스 파일\snd</Filter>
    </Media>
    <Media Include="..\..\..\..\Desktop\2학년 2학기 시험공부\12. Caught by a Ghost.mp3">
      <Filter>소스 파일\snd</Filter>
    </Media>
    <Media Include="..\..\..\..\Desktop\2학년 2학기 시험공부\11. Third Intermission - Junior.mp3">
      <Filter>소스 파일\snd</Filter>
    </Media>
    <Media Include="..\..\..\..\Desktop\2학년 2학기 시험공부\10. Second Intermission - The Chase.mp3">
      <Filter>소스 파일\snd</Filter>
    </Media>
    <Media Include="..\..\..\..\Desktop\2학년 2학기 시험공부\09. First Intermission - They Meet.mp3">
      <Filter>소스 파일\snd</Filter>
    </Media>
    <Media Include="..\..\..\..\Desktop\2학년 2학기 시험공부\08. Fruit.mp3">
      <Filter>소스 파일\snd</Filter>
    </Media>
    <Media Include="..\..\..\..\Desktop\2학년 2학기 시험공부\07. Extra Life.mp3">
      <Filter>소스 파일\snd</Filter>
    </Media>
    <Media Include="..\..\..\..\Desktop\2학년 2학기 시험공부\06. Ghost Eaten.mp3">
      <Filter>소스 파일\snd</Filter>
    </Media>
    <Media Include="..\..\..\..\Desktop\2학년 2학기 시험공부\05. Eat Ghost.mp3">
      <Filter>소스 파일\snd</Filter>
    </Media>
    <Media Include="..\..\..\..\Desktop\2학년 2학기 시험공부\04. Energizer - Power Pellet.mp3">
      <Filter>소스 파일\snd</Filter>
    </Media>
    <Media Include="..\..\..\..\Desktop\2학년 2학기 시험공부\03. Dot.mp3">
      <Filter>소스 파일\snd</Filter>
    </Media>
    <Media Include="..\..\..\..\Desktop\2학년 2학기 시험공부\02. Game Start.mp3">
      <Filter>소스 파일\snd</Filter>
    </Media>
  </ItemGroup>
</Project>